
Microsoft Visual Studio Solution File, Format Version 12.00
# Visual Studio Version 17
VisualStudioVersion = 17.0.31903.59
MinimumVisualStudioVersion = 10.0.40219.1
Project("{FAE04EC0-301F-11D3-BF4B-00C04F79EFBC}") = "1. Two Sum", "1. Two Sum\1. Two Sum.csproj", "{1BB03CAD-40A5-4FEB-9E44-5C1B264C2E1B}"
EndProject
Project("{FAE04EC0-301F-11D3-BF4B-00C04F79EFBC}") = "2. Add Two Numbers", "2. Add Two Numbers\2. Add Two Numbers.csproj", "{5BD8BA6F-4ACA-49E2-B12F-0CC3FFEA626F}"
EndProject
Project("{FAE04EC0-301F-11D3-BF4B-00C04F79EFBC}") = "2. Add Two Numbers.Tests", "2. Add Two Numbers.Tests\2. Add Two Numbers.Tests.csproj", "{E50C70C0-E487-4427-97BC-D6F6B4A6A0F0}"
EndProject
Project("{FAE04EC0-301F-11D3-BF4B-00C04F79EFBC}") = "1. Two Sum.Tests", "1. Two Sum.Tests\1. Two Sum.Tests.csproj", "{505E9321-4BD3-4794-B52D-8114F026C713}"
EndProject
Global
	GlobalSection(SolutionConfigurationPlatforms) = preSolution
		Debug|Any CPU = Debug|Any CPU
		Release|Any CPU = Release|Any CPU
	EndGlobalSection
	GlobalSection(SolutionProperties) = preSolution
		HideSolutionNode = FALSE
	EndGlobalSection
	GlobalSection(ProjectConfigurationPlatforms) = postSolution
		{1BB03CAD-40A5-4FEB-9E44-5C1B264C2E1B}.Debug|Any CPU.ActiveCfg = Debug|Any CPU
		{1BB03CAD-40A5-4FEB-9E44-5C1B264C2E1B}.Debug|Any CPU.Build.0 = Debug|Any CPU
		{1BB03CAD-40A5-4FEB-9E44-5C1B264C2E1B}.Release|Any CPU.ActiveCfg = Release|Any CPU
		{1BB03CAD-40A5-4FEB-9E44-5C1B264C2E1B}.Release|Any CPU.Build.0 = Release|Any CPU
		{5BD8BA6F-4ACA-49E2-B12F-0CC3FFEA626F}.Debug|Any CPU.ActiveCfg = Debug|Any CPU
		{5BD8BA6F-4ACA-49E2-B12F-0CC3FFEA626F}.Debug|Any CPU.Build.0 = Debug|Any CPU
		{5BD8BA6F-4ACA-49E2-B12F-0CC3FFEA626F}.Release|Any CPU.ActiveCfg = Release|Any CPU
		{5BD8BA6F-4ACA-49E2-B12F-0CC3FFEA626F}.Release|Any CPU.Build.0 = Release|Any CPU
		{E50C70C0-E487-4427-97BC-D6F6B4A6A0F0}.Debug|Any CPU.ActiveCfg = Debug|Any CPU
		{E50C70C0-E487-4427-97BC-D6F6B4A6A0F0}.Debug|Any CPU.Build.0 = Debug|Any CPU
		{E50C70C0-E487-4427-97BC-D6F6B4A6A0F0}.Release|Any CPU.ActiveCfg = Release|Any CPU
		{E50C70C0-E487-4427-97BC-D6F6B4A6A0F0}.Release|Any CPU.Build.0 = Release|Any CPU
		{505E9321-4BD3-4794-B52D-8114F026C713}.Debug|Any CPU.ActiveCfg = Debug|Any CPU
		{505E9321-4BD3-4794-B52D-8114F026C713}.Debug|Any CPU.Build.0 = Debug|Any CPU
		{505E9321-4BD3-4794-B52D-8114F026C713}.Release|Any CPU.ActiveCfg = Release|Any CPU
		{505E9321-4BD3-4794-B52D-8114F026C713}.Release|Any CPU.Build.0 = Release|Any CPU
	EndGlobalSection
EndGlobal
